{
    "hash": "dbeabd08908422730e08f1d30e2a7e0f",
    "packages": [
        {
            "name": "simukti/zf1",
            "version": "1.12.0",
            "source": {
                "type": "git",
                "url": "https://bitbucket.org/simukti/zf1.git",
                "reference": "1.12.0"
            },
            "dist": {
                "type": "zip",
                "url": "https://bitbucket.org/simukti/zf1/get/1.12.0.zip",
                "reference": "1.12.0",
                "shasum": ""
            },
            "require": {
                "php": ">=5.2.10"
            },
            "time": "2012-09-05 07:39:18",
            "type": "library",
            "installation-source": "dist",
            "autoload": {
                "psr-0": {
                    "Zend_": ""
                }
            },
            "include-path": [
                ""
            ],
            "license": [
                "BSD-3-Clause"
            ],
            "description": "Zend Framework 1 library only, without tests, demos, bin, etc.",
            "homepage": "https://bitbucket.org/simukti/zf1",
            "keywords": [
                "ZF1",
                "zend framework 1"
            ]
        }
    ],
    "packages-dev": null,
    "aliases": [

    ],
    "minimum-stability": "stable",
    "stability-flags": [

    ]
}
